dependencies:
- name: jupyterhub
  repository: https://hub.jupyter.org/helm-chart/
  version: 4.4.0
- name: nebari-app
  repository: oci://quay.io/reiemp/charts
  version: 0.1.1
digest: sha256:a6d99f6901e7d419d4f885131a27ab6606ffe0b666dc0fbe53bdd60a70a899d9
generated: "2026-08-21T09:34:41.347557511+02:00"
